lockfileVersion: '9.0'

settings:
  autoInstallPeers: true
  excludeLinksFromLockfile: false

importers:
  .:
    dependencies:
      react:
        specifier: 19.1.0
        version: 19.1.0
      react-dom:
        specifier: 19.1.0
        version: 19.1.0(react@19.1.0)
    devDependencies:
      '@types/react':
        specifier: 19.2.14
        version: 19.2.14
      '@types/react-dom':
        specifier: 19.2.3
        version: 19.2.3(@types/react@19.2.14)
      '@vitejs/plugin-react':
        specifier: 5.2.0
        version: 5.2.0(vite@7.3.3)
      typescript:
        specifier: 5.9.3
        version: 5.9.3
      vite:
        specifier: 7.3.3
        version: 7.3.3

packages: {}

snapshots: {}
